github.com/brianvoe/gofakeit/v6 v6.20.1 h1:8ihJ60OvPnPJ2W6wZR7M+TTeaZ9bml0z6oy4gvyJ/ek=
github.com/brianvoe/gofakeit/v6 v6.20.1/go.mod h1:Ow6qC71xtwm79anlwKRlWZW6zVq9D2XHE4QSSMP/rU8=
github.com/google/uuid v1.3.0 h1:t6JiXgmwXMjEs8VusXIJk2BXHsn+wx8BZdTaoZ5fu7I=
github.com/google/uuid v1.3.0/go.mod h1:TIyPZe4MgqvfeYDBFedMoGGpEw/LqOeaOT+nhxU+yHo=
