{
  "name": "@reactive-resume/ui",
  "version": "0.0.1",
  "lockfileVersion": 3,
  "requires": true,
  "packages": {
    "": {
      "name": "@reactive-resume/ui",
      "version": "0.0.1",
      "dependencies": {
        "@reactive-resume/ui": "file:"
      }
    },
    "node_modules/@reactive-resume/ui": {
      "resolved": "",
      "link": true
    }
  }
}
